// !$*UTF8*$!
{
	archiveVersion = 1;
	classes = {
	};
	objectVersion = 52;
	objects = {

/* Begin PBXBuildFile section */
		061F3E103F287247E631F6AF /* Pods_flixster_flixsterUITests.framework in Frameworks */ = {isa = PBXBuildFile; fileRef = 99620F530A61C14276B96E4F /* Pods_flixster_flixsterUITests.framework */; };
		2EF8A7E475060E39A19819AA /* Pods_flixster.framework in Frameworks */ = {isa = PBXBuildFile; fileRef = 2A955F239A9287762525B6F9 /* Pods_flixster.framework */; };
		B92D2B677F7C1C4ED6713DF9 /* Pods_flixsterTests.framework in Frameworks */ = {isa = PBXBuildFile; fileRef = 66C935791592FE946308D3FD /* Pods_flixsterTests.framework */; };
		C85AB0612697DEDC003C2897 /* AppDelegate.swift in Sources */ = {isa = PBXBuildFile; fileRef = C85AB0602697DEDC003C2897 /* AppDelegate.swift */; };
		C85AB0632697DEDC003C2897 /* SceneDelegate.swift in Sources */ = {isa = PBXBuildFile; fileRef = C85AB0622697DEDC003C2897 /* SceneDelegate.swift */; };
		C85AB0682697DEDC003C2897 /* Main.storyboard in Resources */ = {isa = PBXBuildFile; fileRef = C85AB0662697DEDC003C2897 /* Main.storyboard */; };
		C85AB06A2697DEDF003C2897 /* Assets.xcassets in Resources */ = {isa = PBXBuildFile; fileRef = C85AB0692697DEDF003C2897 /* Assets.xcassets */; };
		C85AB06D2697DEDF003C2897 /* LaunchScreen.storyboard in Resources */ = {isa = PBXBuildFile; fileRef = C85AB06B2697DEDF003C2897 /* LaunchScreen.storyboard */; };
		C85AB0782697DEDF003C2897 /* flixsterTests.swift in Sources */ = {isa = PBXBuildFile; fileRef = C85AB0772697DEDF003C2897 /* flixsterTests.swift */; };
		C85AB0832697DEDF003C2897 /* flixsterUITests.swift in Sources */ = {isa = PBXBuildFile; fileRef = C85AB0822697DEDF003C2897 /* flixsterUITests.swift */; };
		C85AB0972697EA80003C2897 /* MoviesViewController.swift in Sources */ = {isa = PBXBuildFile; fileRef = C85AB0962697EA80003C2897 /* MoviesViewController.swift */; };
		C85AB09D2697EFA3003C2897 /* AlamofireImage in Frameworks */ = {isa = PBXBuildFile; productRef = C85AB09C2697EFA3003C2897 /* AlamofireImage */; };
		C85AB0B526991E70003C2897 /* MovieCell.swift in Sources */ = {isa = PBXBuildFile; fileRef = C85AB0B426991E6F003C2897 /* MovieCell.swift */; };
/* End PBXBuildFile section */

/* Begin PBXContainerItemProxy section */
		C85AB0742697DEDF003C2897 /* PBXContainerItemProxy */ = {
			isa = PBXContainerItemProxy;
			containerPortal = C85AB0552697DEDC003C2897 /* Project object */;
			proxyType = 1;
			remoteGlobalIDString = C85AB05C2697DEDC003C2897;
			remoteInfo = flixster;
		};
		C85AB07F2697DEDF003C2897 /* PBXContainerItemProxy */ = {
			isa = PBXContainerItemProxy;
			containerPortal = C85AB0552697DEDC003C2897 /* Project object */;
			proxyType = 1;
			remoteGlobalIDString = C85AB05C2697DEDC003C2897;
			remoteInfo = flixster;
		};
/* End PBXContainerItemProxy section */

/* Begin PBXFileReference section */
		159B42CF14EBF01957A4D4BB /* Pods-flixster.debug.xcconfig */ = {isa = PBXFileReference; includeInIndex = 1; lastKnownFileType = text.xcconfig; name = "Pods-flixster.debug.xcconfig"; path = "Target Support Files/Pods-flixster/Pods-flixster.debug.xcconfig"; sourceTree = "<group>"; };
		2A955F239A9287762525B6F9 /* Pods_flixster.framework */ = {isa = PBXFileReference; explicitFileType = wrapper.framework; includeInIndex = 0; path = Pods_flixster.framework; sourceTree = BUILT_PRODUCTS_DIR; };
		42B8C1924F5F7208B4D45306 /* Pods-flixsterTests.release.xcconfig */ = {isa = PBXFileReference; includeInIndex = 1; lastKnownFileType = text.xcconfig; name = "Pods-flixsterTests.release.xcconfig"; path = "Target Support Files/Pods-flixsterTests/Pods-flixsterTests.release.xcconfig"; sourceTree = "<group>"; };
		4D9C31D4DF07BAAD94CC6FAF /* Pods-flixster-flixsterUITests.release.xcconfig */ = {isa = PBXFileReference; includeInIndex = 1; lastKnownFileType = text.xcconfig; name = "Pods-flixster-flixsterUITests.release.xcconfig"; path = "Target Support Files/Pods-flixster-flixsterUITests/Pods-flixster-flixsterUITests.release.xcconfig"; sourceTree = "<group>"; };
		4FF46587E1AB7134299B9FA7 /* Pods-flixster.release.xcconfig */ = {isa = PBXFileReference; includeInIndex = 1; lastKnownFileType = text.xcconfig; name = "Pods-flixster.release.xcconfig"; path = "Target Support Files/Pods-flixster/Pods-flixster.release.xcconfig"; sourceTree = "<group>"; };
		66C935791592FE946308D3FD /* Pods_flixsterTests.framework */ = {isa = PBXFileReference; explicitFileType = wrapper.framework; includeInIndex = 0; path = Pods_flixsterTests.framework; sourceTree = BUILT_PRODUCTS_DIR; };
		99620F530A61C14276B96E4F /* Pods_flixster_flixsterUITests.framework */ = {isa = PBXFileReference; explicitFileType = wrapper.framework; includeInIndex = 0; path = Pods_flixster_flixsterUITests.framework; sourceTree = BUILT_PRODUCTS_DIR; };
		A1C6E627E5291EF7A74D47D2 /* Pods-flixster-flixsterUITests.debug.xcconfig */ = {isa = PBXFileReference; includeInIndex = 1; lastKnownFileType = text.xcconfig; name = "Pods-flixster-flixsterUITests.debug.xcconfig"; path = "Target Support Files/Pods-flixster-flixsterUITests/Pods-flixster-flixsterUITests.debug.xcconfig"; sourceTree = "<group>"; };
		B0F2C3D108459FF6BF3CA8BA /* Pods-flixsterTests.debug.xcconfig */ = {isa = PBXFileReference; includeInIndex = 1; lastKnownFileType = text.xcconfig; name = "Pods-flixsterTests.debug.xcconfig"; path = "Target Support Files/Pods-flixsterTests/Pods-flixsterTests.debug.xcconfig"; sourceTree = "<group>"; };
		C85AB05D2697DEDC003C2897 /* flixster.app */ = {isa = PBXFileReference; explicitFileType = wrapper.application; includeInIndex = 0; path = flixster.app; sourceTree = BUILT_PRODUCTS_DIR; };
		C85AB0602697DEDC003C2897 /* AppDelegate.swift */ = {isa = PBXFileReference; lastKnownFileType = sourcecode.swift; path = AppDelegate.swift; sourceTree = "<group>"; };
		C85AB0622697DEDC003C2897 /* SceneDelegate.swift */ = {isa = PBXFileReference; lastKnownFileType = sourcecode.swift; path = SceneDelegate.swift; sourceTree = "<group>"; };
		C85AB0672697DEDC003C2897 /* Base */ = {isa = PBXFileReference; lastKnownFileType = file.storyboard; name = Base; path = Base.lproj/Main.storyboard; sourceTree = "<group>"; };
		C85AB0692697DEDF003C2897 /* Assets.xcassets */ = {isa = PBXFileReference; lastKnownFileType = folder.assetcatalog; path = Assets.xcassets; sourceTree = "<group>"; };
		C85AB06C2697DEDF003C2897 /* Base */ = {isa = PBXFileReference; lastKnownFileType = file.storyboard; name = Base; path = Base.lproj/LaunchScreen.storyboard; sourceTree = "<group>"; };
		C85AB06E2697DEDF003C2897 /* Info.plist */ = {isa = PBXFileReference; lastKnownFileType = text.plist.xml; path = Info.plist; sourceTree = "<group>"; };
		C85AB0732697DEDF003C2897 /* flixsterTests.xctest */ = {isa = PBXFileReference; explicitFileType = wrapper.cfbundle; includeInIndex = 0; path = flixsterTests.xctest; sourceTree = BUILT_PRODUCTS_DIR; };
		C85AB0772697DEDF003C2897 /* flixsterTests.swift */ = {isa = PBXFileReference; lastKnownFileType = sourcecode.swift; path = flixsterTests.swift; sourceTree = "<group>"; };
		C85AB0792697DEDF003C2897 /* Info.plist */ = {isa = PBXFileReference; lastKnownFileType = text.plist.xml; path = Info.plist; sourceTree = "<group>"; };
		C85AB07E2697DEDF003C2897 /* flixsterUITests.xctest */ = {isa = PBXFileReference; explicitFileType = wrapper.cfbundle; includeInIndex = 0; path = flixsterUITests.xctest; sourceTree = BUILT_PRODUCTS_DIR; };
		C85AB0822697DEDF003C2897 /* flixsterUITests.swift */ = {isa = PBXFileReference; lastKnownFileType = sourcecode.swift; path = flixsterUITests.swift; sourceTree = "<group>"; };
		C85AB0842697DEDF003C2897 /* Info.plist */ = {isa = PBXFileReference; lastKnownFileType = text.plist.xml; path = Info.plist; sourceTree = "<group>"; };
		C85AB0962697EA80003C2897 /* MoviesViewController.swift */ = {isa = PBXFileReference; lastKnownFileType = sourcecode.swift; path = MoviesViewController.swift; sourceTree = "<group>"; };
		C85AB0B426991E6F003C2897 /* MovieCell.swift */ = {isa = PBXFileReference; lastKnownFileType = sourcecode.swift; path = MovieCell.swift; sourceTree = "<group>"; };
/* End PBXFileReference section */

/* Begin PBXFrameworksBuildPhase section */
		C85AB05A2697DEDC003C2897 /* Frameworks */ = {
			isa = PBXFrameworksBuildPhase;
			buildActionMask = 2147483647;
			files = (
				C85AB09D2697EFA3003C2897 /* AlamofireImage in Frameworks */,
				2EF8A7E475060E39A19819AA /* Pods_flixster.framework in Frameworks */,
			);
			runOnlyForDeploymentPostprocessing = 0;
		};
		C85AB0702697DEDF003C2897 /* Frameworks */ = {
			isa = PBXFrameworksBuildPhase;
			buildActionMask = 2147483647;
			files = (
				B92D2B677F7C1C4ED6713DF9 /* Pods_flixsterTests.framework in Frameworks */,
			);
			runOnlyForDeploymentPostprocessing = 0;
		};
		C85AB07B2697DEDF003C2897 /* Frameworks */ = {
			isa = PBXFrameworksBuildPhase;
			buildActionMask = 2147483647;
			files = (
				061F3E103F287247E631F6AF /* Pods_flixster_flixsterUITests.framework in Frameworks */,
			);
			runOnlyForDeploymentPostprocessing = 0;
		};
/* End PBXFrameworksBuildPhase section */

/* Begin PBXGroup section */
		BB3E51C4AC07D5395B128A69 /* Pods */ = {
			isa = PBXGroup;
			children = (
				159B42CF14EBF01957A4D4BB /* Pods-flixster.debug.xcconfig */,
				4FF46587E1AB7134299B9FA7 /* Pods-flixster.release.xcconfig */,
				A1C6E627E5291EF7A74D47D2 /* Pods-flixster-flixsterUITests.debug.xcconfig */,
				4D9C31D4DF07BAAD94CC6FAF /* Pods-flixster-flixsterUITests.release.xcconfig */,
				B0F2C3D108459FF6BF3CA8BA /* Pods-flixsterTests.debug.xcconfig */,
				42B8C1924F5F7208B4D45306 /* Pods-flixsterTests.release.xcconfig */,
			);
			path = Pods;
			sourceTree = "<group>";
		};
		C85AB0542697DEDC003C2897 = {
			isa = PBXGroup;
			children = (
				C85AB05F2697DEDC003C2897 /* flixster */,
				C85AB0762697DEDF003C2897 /* flixsterTests */,
				C85AB0812697DEDF003C2897 /* flixsterUITests */,
				C85AB05E2697DEDC003C2897 /* Products */,
				BB3E51C4AC07D5395B128A69 /* Pods */,
				F4A085985F6B5F1E6B12EB39 /* Frameworks */,
			);
			sourceTree = "<group>";
		};
		C85AB05E2697DEDC003C2897 /* Products */ = {
			isa = PBXGroup;
			children = (
				C85AB05D2697DEDC003C2897 /* flixster.app */,
				C85AB0732697DEDF003C2897 /* flixsterTests.xctest */,
				C85AB07E2697DEDF003C2897 /* flixsterUITests.xctest */,
			);
			name = Products;
			sourceTree = "<group>";
		};
		C85AB05F2697DEDC003C2897 /* flixster */ = {
			isa = PBXGroup;
			children = (
				C85AB0602697DEDC003C2897 /* AppDelegate.swift */,
				C85AB0622697DEDC003C2897 /* SceneDelegate.swift */,
				C85AB0662697DEDC003C2897 /* Main.storyboard */,
				C85AB0692697DEDF003C2897 /* Assets.xcassets */,
				C85AB06B2697DEDF003C2897 /* LaunchScreen.storyboard */,
				C85AB06E2697DEDF003C2897 /* Info.plist */,
				C85AB0962697EA80003C2897 /* MoviesViewController.swift */,
				C85AB0B426991E6F003C2897 /* MovieCell.swift */,
			);
			path = flixster;
			sourceTree = "<group>";
		};
		C85AB0762697DEDF003C2897 /* flixsterTests */ = {
			isa = PBXGroup;
			children = (
				C85AB0772697DEDF003C2897 /* flixsterTests.swift */,
				C85AB0792697DEDF003C2897 /* Info.plist */,
			);
			path = flixsterTests;
			sourceTree = "<group>";
		};
		C85AB0812697DEDF003C2897 /* flixsterUITests */ = {
			isa = PBXGroup;
			children = (
				C85AB0822697DEDF003C2897 /* flixsterUITests.swift */,
				C85AB0842697DEDF003C2897 /* Info.plist */,
			);
			path = flixsterUITests;
			sourceTree = "<group>";
		};
		F4A085985F6B5F1E6B12EB39 /* Frameworks */ = {
			isa = PBXGroup;
			children = (
				2A955F239A9287762525B6F9 /* Pods_flixster.framework */,
				99620F530A61C14276B96E4F /* Pods_flixster_flixsterUITests.framework */,
				66C935791592FE946308D3FD /* Pods_flixsterTests.framework */,
			);
			name = Frameworks;
			sourceTree = "<group>";
		};
/* End PBXGroup section */

/* Begin PBXNativeTarget section */
		C85AB05C2697DEDC003C2897 /* flixster */ = {
			isa = PBXNativeTarget;
			buildConfigurationList = C85AB0872697DEE0003C2897 /* Build configuration list for PBXNativeTarget "flixster" */;
			buildPhases = (
				36E4A71C95380D3E98BE8158 /* [CP] Check Pods Manifest.lock */,
				C85AB0592697DEDC003C2897 /* Sources */,
				C85AB05A2697DEDC003C2897 /* Frameworks */,
				C85AB05B2697DEDC003C2897 /* Resources */,
				70A12533414EFC6E5189755D /* [CP] Embed Pods Frameworks */,
			);
			buildRules = (
			);
			dependencies = (
			);
			name = flixster;
			packageProductDependencies = (
				C85AB09C2697EFA3003C2897 /* AlamofireImage */,
			);
			productName = flixster;
			productReference = C85AB05D2697DEDC003C2897 /* flixster.app */;
			productType = "com.apple.product-type.application";
		};
		C85AB0722697DEDF003C2897 /* flixsterTests */ = {
			isa = PBXNativeTarget;
			buildConfigurationList = C85AB08A2697DEE0003C2897 /* Build configuration list for PBXNativeTarget "flixsterTests" */;
			buildPhases = (
				E56966362FB36819F26D56B7 /* [CP] Check Pods Manifest.lock */,
				C85AB06F2697DEDF003C2897 /* Sources */,
				C85AB0702697DEDF003C2897 /* Frameworks */,
				C85AB0712697DEDF003C2897 /* Resources */,
			);
			buildRules = (
			);
			dependencies = (
				C85AB0752697DEDF003C2897 /* PBXTargetDependency */,
			);
			name = flixsterTests;
			productName = flixsterTests;
			productReference = C85AB0732697DEDF003C2897 /* flixsterTests.xctest */;
			productType = "com.apple.product-type.bundle.unit-test";
		};
		C85AB07D2697DEDF003C2897 /* flixsterUITests */ = {
			isa = PBXNativeTarget;
			buildConfigurationList = C85AB08D2697DEE0003C2897 /* Build configuration list for PBXNativeTarget "flixsterUITests" */;
			buildPhases = (
				3D4EC4EC00AFF47DD8E8A9B0 /* [CP] Check Pods Manifest.lock */,
				C85AB07A2697DEDF003C2897 /* Sources */,
				C85AB07B2697DEDF003C2897 /* Frameworks */,
				C85AB07C2697DEDF003C2897 /* Resources */,
				CD72F1DC663A1002D531A196 /* [CP] Embed Pods Frameworks */,
			);
			buildRules = (
			);
			dependencies = (
				C85AB0802697DEDF003C2897 /* PBXTargetDependency */,
			);
			name = flixsterUITests;
			productName = flixsterUITests;
			productReference = C85AB07E2697DEDF003C2897 /* flixsterUITests.xctest */;
			productType = "com.apple.product-type.bundle.ui-testing";
		};
/* End PBXNativeTarget section */

/* Begin PBXProject section */
		C85AB0552697DEDC003C2897 /* Project object */ = {
			isa = PBXProject;
			attributes = {
				LastSwiftUpdateCheck = 1240;
				LastUpgradeCheck = 1240;
				TargetAttributes = {
					C85AB05C2697DEDC003C2897 = {
						CreatedOnToolsVersion = 12.4;
					};
					C85AB0722697DEDF003C2897 = {
						CreatedOnToolsVersion = 12.4;
						TestTargetID = C85AB05C2697DEDC003C2897;
					};
					C85AB07D2697DEDF003C2897 = {
						CreatedOnToolsVersion = 12.4;
						TestTargetID = C85AB05C2697DEDC003C2897;
					};
				};
			};
			buildConfigurationList = C85AB0582697DEDC003C2897 /* Build configuration list for PBXProject "flixster" */;
			compatibilityVersion = "Xcode 9.3";
			developmentRegion = en;
			hasScannedForEncodings = 0;
			knownRegions = (
				en,
				Base,
			);
			mainGroup = C85AB0542697DEDC003C2897;
			packageReferences = (
				C85AB09B2697EFA3003C2897 /* XCRemoteSwiftPackageReference "AlamofireImage" */,
			);
			productRefGroup = C85AB05E2697DEDC003C2897 /* Products */;
			projectDirPath = "";
			projectRoot = "";
			targets = (
				C85AB05C2697DEDC003C2897 /* flixster */,
				C85AB0722697DEDF003C2897 /* flixsterTests */,
				C85AB07D2697DEDF003C2897 /* flixsterUITests */,
			);
		};
/* End PBXProject section */

/* Begin PBXResourcesBuildPhase section */
		C85AB05B2697DEDC003C2897 /* Resources */ = {
			isa = PBXResourcesBuildPhase;
			buildActionMask = 2147483647;
			files = (
				C85AB06D2697DEDF003C2897 /* LaunchScreen.storyboard in Resources */,
				C85AB06A2697DEDF003C2897 /* Assets.xcassets in Resources */,
				C85AB0682697DEDC003C2897 /* Main.storyboard in Resources */,
			);
			runOnlyForDeploymentPostprocessing = 0;
		};
		C85AB0712697DEDF003C2897 /* Resources */ = {
			isa = PBXResourcesBuildPhase;
			buildActionMask = 2147483647;
			files = (
			);
			runOnlyForDeploymentPostprocessing = 0;
		};
		C85AB07C2697DEDF003C2897 /* Resources */ = {
			isa = PBXResourcesBuildPhase;
			buildActionMask = 2147483647;
			files = (
			);
			runOnlyForDeploymentPostprocessing = 0;
		};
/* End PBXResourcesBuildPhase section */

/* Begin PBXShellScriptBuildPhase section */
		36E4A71C95380D3E98BE8158 /* [CP] Check Pods Manifest.lock */ = {
			isa = PBXShellScriptBuildPhase;
			buildActionMask = 2147483647;
			files = (
			);
			inputFileListPaths = (
			);
			inputPaths = (
				"${PODS_PODFILE_DIR_PATH}/Podfile.lock",
				"${PODS_ROOT}/Manifest.lock",
			);
			name = "[CP] Check Pods Manifest.lock";
			outputFileListPaths = (
			);
			outputPaths = (
				"$(DERIVED_FILE_DIR)/Pods-flixster-checkManifestLockResult.txt",
			);
			runOnlyForDeploymentPostprocessing = 0;
			shellPath = /bin/sh;
			shellScript = "diff \"${PODS_PODFILE_DIR_PATH}/Podfile.lock\" \"${PODS_ROOT}/Manifest.lock\" > /dev/null\nif [ $? != 0 ] ; then\n    # print error to STDERR\n    echo \"error: The sandbox is not in sync with the Podfile.lock. Run 'pod install' or update your CocoaPods installation.\" >&2\n    exit 1\nfi\n# This output is used by Xcode 'outputs' to avoid re-running this script phase.\necho \"SUCCESS\" > \"${SCRIPT_OUTPUT_FILE_0}\"\n";
			showEnvVarsInLog = 0;
		};
		3D4EC4EC00AFF47DD8E8A9B0 /* [CP] Check Pods Manifest.lock */ = {
			isa = PBXShellScriptBuildPhase;
			buildActionMask = 2147483647;
			files = (
			);
			inputFileListPaths = (
			);
			inputPaths = (
				"${PODS_PODFILE_DIR_PATH}/Podfile.lock",
				"${PODS_ROOT}/Manifest.lock",
			);
			name = "[CP] Check Pods Manifest.lock";
			outputFileListPaths = (
			);
			outputPaths = (
				"$(DERIVED_FILE_DIR)/Pods-flixster-flixsterUITests-checkManifestLockResult.txt",
			);
			runOnlyForDeploymentPostprocessing = 0;
			shellPath = /bin/sh;
			shellScript = "diff \"${PODS_PODFILE_DIR_PATH}/Podfile.lock\" \"${PODS_ROOT}/Manifest.lock\" > /dev/null\nif [ $? != 0 ] ; then\n    # print error to STDERR\n    echo \"error: The sandbox is not in sync with the Podfile.lock. Run 'pod install' or update your CocoaPods installation.\" >&2\n    exit 1\nfi\n# This output is used by Xcode 'outputs' to avoid re-running this script phase.\necho \"SUCCESS\" > \"${SCRIPT_OUTPUT_FILE_0}\"\n";
			showEnvVarsInLog = 0;
		};
		70A12533414EFC6E5189755D /* [CP] Embed Pods Frameworks */ = {
			isa = PBXShellScriptBuildPhase;
			buildActionMask = 2147483647;
			files = (
			);
			inputFileListPaths = (
				"${PODS_ROOT}/Target Support Files/Pods-flixster/Pods-flixster-frameworks-${CONFIGURATION}-input-files.xcfilelist",
			);
			name = "[CP] Embed Pods Frameworks";
			outputFileListPaths = (
				"${PODS_ROOT}/Target Support Files/Pods-flixster/Pods-flixster-frameworks-${CONFIGURATION}-output-files.xcfilelist",
			);
			runOnlyForDeploymentPostprocessing = 0;
			shellPath = /bin/sh;
			shellScript = "\"${PODS_ROOT}/Target Support Files/Pods-flixster/Pods-flixster-frameworks.sh\"\n";
			showEnvVarsInLog = 0;
		};
		CD72F1DC663A1002D531A196 /* [CP] Embed Pods Frameworks */ = {
			isa = PBXShellScriptBuildPhase;
			buildActionMask = 2147483647;
			files = (
			);
			inputFileListPaths = (
				"${PODS_ROOT}/Target Support Files/Pods-flixster-flixsterUITests/Pods-flixster-flixsterUITests-frameworks-${CONFIGURATION}-input-files.xcfilelist",
			);
			name = "[CP] Embed Pods Frameworks";
			outputFileListPaths = (
				"${PODS_ROOT}/Target Support Files/Pods-flixster-flixsterUITests/Pods-flixster-flixsterUITests-frameworks-${CONFIGURATION}-output-files.xcfilelist",
			);
			runOnlyForDeploymentPostprocessing = 0;
			shellPath = /bin/sh;
			shellScript = "\"${PODS_ROOT}/Target Support Files/Pods-flixster-flixsterUITests/Pods-flixster-flixsterUITests-frameworks.sh\"\n";
			showEnvVarsInLog = 0;
		};
		E56966362FB36819F26D56B7 /* [CP] Check Pods Manifest.lock */ = {
			isa = PBXShellScriptBuildPhase;
			buildActionMask = 2147483647;
			files = (
			);
			inputFileListPaths = (
			);
			inputPaths = (
				"${PODS_PODFILE_DIR_PATH}/Podfile.lock",
				"${PODS_ROOT}/Manifest.lock",
			);
			name = "[CP] Check Pods Manifest.lock";
			outputFileListPaths = (
			);
			outputPaths = (
				"$(DERIVED_FILE_DIR)/Pods-flixsterTests-checkManifestLockResult.txt",
			);
			runOnlyForDeploymentPostprocessing = 0;
			shellPath = /bin/sh;
			shellScript = "diff \"${PODS_PODFILE_DIR_PATH}/Podfile.lock\" \"${PODS_ROOT}/Manifest.lock\" > /dev/null\nif [ $? != 0 ] ; then\n    # print error to STDERR\n    echo \"error: The sandbox is not in sync with the Podfile.lock. Run 'pod install' or update your CocoaPods installation.\" >&2\n    exit 1\nfi\n# This output is used by Xcode 'outputs' to avoid re-running this script phase.\necho \"SUCCESS\" > \"${SCRIPT_OUTPUT_FILE_0}\"\n";
			showEnvVarsInLog = 0;
		};
/* End PBXShellScriptBuildPhase section */

/* Begin PBXSourcesBuildPhase section */
		C85AB0592697DEDC003C2897 /* Sources */ = {
			isa = PBXSourcesBuildPhase;
			buildActionMask = 2147483647;
			files = (
				C85AB0612697DEDC003C2897 /* AppDelegate.swift in Sources */,
				C85AB0632697DEDC003C2897 /* SceneDelegate.swift in Sources */,
				C85AB0B526991E70003C2897 /* MovieCell.swift in Sources */,
				C85AB0972697EA80003C2897 /* MoviesViewController.swift in Sources */,
			);
			runOnlyForDeploymentPostprocessing = 0;
		};
		C85AB06F2697DEDF003C2897 /* Sources */ = {
			isa = PBXSourcesBuildPhase;
			buildActionMask = 2147483647;
			files = (
				C85AB0782697DEDF003C2897 /* flixsterTests.swift in Sources */,
			);
			runOnlyForDeploymentPostprocessing = 0;
		};
		C85AB07A2697DEDF003C2897 /* Sources */ = {
			isa = PBXSourcesBuildPhase;
			buildActionMask = 2147483647;
			files = (
				C85AB0832697DEDF003C2897 /* flixsterUITests.swift in Sources */,
			);
			runOnlyForDeploymentPostprocessing = 0;
		};
/* End PBXSourcesBuildPhase section */

/* Begin PBXTargetDependency section */
		C85AB0752697DEDF003C2897 /* PBXTargetDependency */ = {
			isa = PBXTargetDependency;
			target = C85AB05C2697DEDC003C2897 /* flixster */;
			targetProxy = C85AB0742697DEDF003C2897 /* PBXContainerItemProxy */;
		};
		C85AB0802697DEDF003C2897 /* PBXTargetDependency */ = {
			isa = PBXTargetDependency;
			target = C85AB05C2697DEDC003C2897 /* flixster */;
			targetProxy = C85AB07F2697DEDF003C2897 /* PBXContainerItemProxy */;
		};
/* End PBXTargetDependency section */

/* Begin PBXVariantGroup section */
		C85AB0662697DEDC003C2897 /* Main.storyboard */ = {
			isa = PBXVariantGroup;
			children = (
				C85AB0672697DEDC003C2897 /* Base */,
			);
			name = Main.storyboard;
			sourceTree = "<group>";
		};
		C85AB06B2697DEDF003C2897 /* LaunchScreen.storyboard */ = {
			isa = PBXVariantGroup;
			children = (
				C85AB06C2697DEDF003C2897 /* Base */,
			);
			name = LaunchScreen.storyboard;
			sourceTree = "<group>";
		};
/* End PBXVariantGroup section */

/* Begin XCBuildConfiguration section */
		C85AB0852697DEDF003C2897 /* Debug */ = {
			isa = XCBuildConfiguration;
			buildSettings = {
				ALWAYS_SEARCH_USER_PATHS = NO;
				CLANG_ANALYZER_NONNULL = YES;
				CLANG_ANALYZER_NUMBER_OBJECT_CONVERSION = YES_AGGRESSIVE;
				CLANG_CXX_LANGUAGE_STANDARD = "gnu++14";
				CLANG_CXX_LIBRARY = "libc++";
				CLANG_ENABLE_MODULES = YES;
				CLANG_ENABLE_OBJC_ARC = YES;
				CLANG_ENABLE_OBJC_WEAK = YES;
				CLANG_WARN_BLOCK_CAPTURE_AUTORELEASING = YES;
				CLANG_WARN_BOOL_CONVERSION = YES;
				CLANG_WARN_COMMA = YES;
				CLANG_WARN_CONSTANT_CONVERSION = YES;
				CLANG_WARN_DEPRECATED_OBJC_IMPLEMENTATIONS = YES;
				CLANG_WARN_DIRECT_OBJC_ISA_USAGE = YES_ERROR;
				CLANG_WARN_DOCUMENTATION_COMMENTS = YES;
				CLANG_WARN_EMPTY_BODY = YES;
				CLANG_WARN_ENUM_CONVERSION = YES;
				CLANG_WARN_INFINITE_RECURSION = YES;
				CLANG_WARN_INT_CONVERSION = YES;
				CLANG_WARN_NON_LITERAL_NULL_CONVERSION = YES;
				CLANG_WARN_OBJC_IMPLICIT_RETAIN_SELF = YES;
				CLANG_WARN_OBJC_LITERAL_CONVERSION = YES;
				CLANG_WARN_OBJC_ROOT_CLASS = YES_ERROR;
				CLANG_WARN_QUOTED_INCLUDE_IN_FRAMEWORK_HEADER = YES;
				CLANG_WARN_RANGE_LOOP_ANALYSIS = YES;
				CLANG_WARN_STRICT_PROTOTYPES = YES;
				CLANG_WARN_SUSPICIOUS_MOVE = YES;
				CLANG_WARN_UNGUARDED_AVAILABILITY = YES_AGGRESSIVE;
				CLANG_WARN_UNREACHABLE_CODE = YES;
				CLANG_WARN__DUPLICATE_METHOD_MATCH = YES;
				COPY_PHASE_STRIP = NO;
				DEBUG_INFORMATION_FORMAT = dwarf;
				ENABLE_STRICT_OBJC_MSGSEND = YES;
				ENABLE_TESTABILITY = YES;
				GCC_C_LANGUAGE_STANDARD = gnu11;
				GCC_DYNAMIC_NO_PIC = NO;
				GCC_NO_COMMON_BLOCKS = YES;
				GCC_OPTIMIZATION_LEVEL = 0;
				GCC_PREPROCESSOR_DEFINITIONS = (
					"DEBUG=1",
					"$(inherited)",
				);
				GCC_WARN_64_TO_32_BIT_CONVERSION = YES;
				GCC_WARN_ABOUT_RETURN_TYPE = YES_ERROR;
				GCC_WARN_UNDECLARED_SELECTOR = YES;
				GCC_WARN_UNINITIALIZED_AUTOS = YES_AGGRESSIVE;
				GCC_WARN_UNUSED_FUNCTION = YES;
				GCC_WARN_UNUSED_VARIABLE = YES;
				IPHONEOS_DEPLOYMENT_TARGET = 14.4;
				MTL_ENABLE_DEBUG_INFO = INCLUDE_SOURCE;
				MTL_FAST_MATH = YES;
				ONLY_ACTIVE_ARCH = YES;
				SDKROOT = iphoneos;
				SWIFT_ACTIVE_COMPILATION_CONDITIONS = DEBUG;
				SWIFT_OPTIMIZATION_LEVEL = "-Onone";
			};
			name = Debug;
		};
		C85AB0862697DEE0003C2897 /* Release */ = {
			isa = XCBuildConfiguration;
			buildSettings = {
				ALWAYS_SEARCH_USER_PATHS = NO;
				CLANG_ANALYZER_NONNULL = YES;
				CLANG_ANALYZER_NUMBER_OBJECT_CONVERSION = YES_AGGRESSIVE;
				CLANG_CXX_LANGUAGE_STANDARD = "gnu++14";
				CLANG_CXX_LIBRARY = "libc++";
				CLANG_ENABLE_MODULES = YES;
				CLANG_ENABLE_OBJC_ARC = YES;
				CLANG_ENABLE_OBJC_WEAK = YES;
				CLANG_WARN_BLOCK_CAPTURE_AUTORELEASING = YES;
				CLANG_WARN_BOOL_CONVERSION = YES;
				CLANG_WARN_COMMA = YES;
				CLANG_WARN_CONSTANT_CONVERSION = YES;
				CLANG_WARN_DEPRECATED_OBJC_IMPLEMENTATIONS = YES;
				CLANG_WARN_DIRECT_OBJC_ISA_USAGE = YES_ERROR;
				CLANG_WARN_DOCUMENTATION_COMMENTS = YES;
				CLANG_WARN_EMPTY_BODY = YES;
				CLANG_WARN_ENUM_CONVERSION = YES;
				CLANG_WARN_INFINITE_RECURSION = YES;
				CLANG_WARN_INT_CONVERSION = YES;
				CLANG_WARN_NON_LITERAL_NULL_CONVERSION = YES;
				CLANG_WARN_OBJC_IMPLICIT_RETAIN_SELF = YES;
				CLANG_WARN_OBJC_LITERAL_CONVERSION = YES;
				CLANG_WARN_OBJC_ROOT_CLASS = YES_ERROR;
				CLANG_WARN_QUOTED_INCLUDE_IN_FRAMEWORK_HEADER = YES;
				CLANG_WARN_RANGE_LOOP_ANALYSIS = YES;
				CLANG_WARN_STRICT_PROTOTYPES = YES;
				CLANG_WARN_SUSPICIOUS_MOVE = YES;
				CLANG_WARN_UNGUARDED_AVAILABILITY = YES_AGGRESSIVE;
				CLANG_WARN_UNREACHABLE_CODE = YES;
				CLANG_WARN__DUPLICATE_METHOD_MATCH = YES;
				COPY_PHASE_STRIP = NO;
				DEBUG_INFORMATION_FORMAT = "dwarf-with-dsym";
				ENABLE_NS_ASSERTIONS = NO;
				ENABLE_STRICT_OBJC_MSGSEND = YES;
				GCC_C_LANGUAGE_STANDARD = gnu11;
				GCC_NO_COMMON_BLOCKS = YES;
				GCC_WARN_64_TO_32_BIT_CONVERSION = YES;
				GCC_WARN_ABOUT_RETURN_TYPE = YES_ERROR;
				GCC_WARN_UNDECLARED_SELECTOR = YES;
				GCC_WARN_UNINITIALIZED_AUTOS = YES_AGGRESSIVE;
				GCC_WARN_UNUSED_FUNCTION = YES;
				GCC_WARN_UNUSED_VARIABLE = YES;
				IPHONEOS_DEPLOYMENT_TARGET = 14.4;
				MTL_ENABLE_DEBUG_INFO = NO;
				MTL_FAST_MATH = YES;
				SDKROOT = iphoneos;
				SWIFT_COMPILATION_MODE = wholemodule;
				SWIFT_OPTIMIZATION_LEVEL = "-O";
				VALIDATE_PRODUCT = YES;
			};
			name = Release;
		};
		C85AB0882697DEE0003C2897 /* Debug */ = {
			isa = XCBuildConfiguration;
			baseConfigurationReference = 159B42CF14EBF01957A4D4BB /* Pods-flixster.debug.xcconfig */;
			buildSettings = {
				ASSETCATALOG_COMPILER_APPICON_NAME = AppIcon;
				ASSETCATALOG_COMPILER_GLOBAL_ACCENT_COLOR_NAME = AccentColor;
				CODE_SIGN_STYLE = Automatic;
				INFOPLIST_FILE = flixster/Info.plist;
				LD_RUNPATH_SEARCH_PATHS = (
					"$(inherited)",
					"@executable_path/Frameworks",
				);
				PRODUCT_BUNDLE_IDENTIFIER = codepath.flixster;
				PRODUCT_NAME = "$(TARGET_NAME)";
				SWIFT_VERSION = 5.0;
				TARGETED_DEVICE_FAMILY = "1,2";
			};
			name = Debug;
		};
		C85AB0892697DEE0003C2897 /* Release */ = {
			isa = XCBuildConfiguration;
			baseConfigurationReference = 4FF46587E1AB7134299B9FA7 /* Pods-flixster.release.xcconfig */;
			buildSettings = {
				ASSETCATALOG_COMPILER_APPICON_NAME = AppIcon;
				ASSETCATALOG_COMPILER_GLOBAL_ACCENT_COLOR_NAME = AccentColor;
				CODE_SIGN_STYLE = Automatic;
				INFOPLIST_FILE = flixster/Info.plist;
				LD_RUNPATH_SEARCH_PATHS = (
					"$(inherited)",
					"@executable_path/Frameworks",
				);
				PRODUCT_BUNDLE_IDENTIFIER = codepath.flixster;
				PRODUCT_NAME = "$(TARGET_NAME)";
				SWIFT_VERSION = 5.0;
				TARGETED_DEVICE_FAMILY = "1,2";
			};
			name = Release;
		};
		C85AB08B2697DEE0003C2897 /* Debug */ = {
			isa = XCBuildConfiguration;
			baseConfigurationReference = B0F2C3D108459FF6BF3CA8BA /* Pods-flixsterTests.debug.xcconfig */;
			buildSettings = {
				ALWAYS_EMBED_SWIFT_STANDARD_LIBRARIES = YES;
				BUNDLE_LOADER = "$(TEST_HOST)";
				CODE_SIGN_STYLE = Automatic;
				INFOPLIST_FILE = flixsterTests/Info.plist;
				IPHONEOS_DEPLOYMENT_TARGET = 14.4;
				LD_RUNPATH_SEARCH_PATHS = (
					"$(inherited)",
					"@executable_path/Frameworks",
					"@loader_path/Frameworks",
				);
				PRODUCT_BUNDLE_IDENTIFIER = codepath.flixsterTests;
				PRODUCT_NAME = "$(TARGET_NAME)";
				SWIFT_VERSION = 5.0;
				TARGETED_DEVICE_FAMILY = "1,2";
				TEST_HOST = "$(BUILT_PRODUCTS_DIR)/flixster.app/flixster";
			};
			name = Debug;
		};
		C85AB08C2697DEE0003C2897 /* Release */ = {
			isa = XCBuildConfiguration;
			baseConfigurationReference = 42B8C1924F5F7208B4D45306 /* Pods-flixsterTests.release.xcconfig */;
			buildSettings = {
				ALWAYS_EMBED_SWIFT_STANDARD_LIBRARIES = YES;
				BUNDLE_LOADER = "$(TEST_HOST)";
				CODE_SIGN_STYLE = Automatic;
				INFOPLIST_FILE = flixsterTests/Info.plist;
				IPHONEOS_DEPLOYMENT_TARGET = 14.4;
				LD_RUNPATH_SEARCH_PATHS = (
					"$(inherited)",
					"@executable_path/Frameworks",
					"@loader_path/Frameworks",
				);
				PRODUCT_BUNDLE_IDENTIFIER = codepath.flixsterTests;
				PRODUCT_NAME = "$(TARGET_NAME)";
				SWIFT_VERSION = 5.0;
				TARGETED_DEVICE_FAMILY = "1,2";
				TEST_HOST = "$(BUILT_PRODUCTS_DIR)/flixster.app/flixster";
			};
			name = Release;
		};
		C85AB08E2697DEE0003C2897 /* Debug */ = {
			isa = XCBuildConfiguration;
			baseConfigurationReference = A1C6E627E5291EF7A74D47D2 /* Pods-flixster-flixsterUITests.debug.xcconfig */;
			buildSettings = {
				ALWAYS_EMBED_SWIFT_STANDARD_LIBRARIES = YES;
				CODE_SIGN_STYLE = Automatic;
				INFOPLIST_FILE = flixsterUITests/Info.plist;
				LD_RUNPATH_SEARCH_PATHS = (
					"$(inherited)",
					"@executable_path/Frameworks",
					"@loader_path/Frameworks",
				);
				PRODUCT_BUNDLE_IDENTIFIER = codepath.flixsterUITests;
				PRODUCT_NAME = "$(TARGET_NAME)";
				SWIFT_VERSION = 5.0;
				TARGETED_DEVICE_FAMILY = "1,2";
				TEST_TARGET_NAME = flixster;
			};
			name = Debug;
		};
		C85AB08F2697DEE0003C2897 /* Release */ = {
			isa = XCBuildConfiguration;
			baseConfigurationReference = 4D9C31D4DF07BAAD94CC6FAF /* Pods-flixster-flixsterUITests.release.xcconfig */;
			buildSettings = {
				ALWAYS_EMBED_SWIFT_STANDARD_LIBRARIES = YES;
				CODE_SIGN_STYLE = Automatic;
				INFOPLIST_FILE = flixsterUITests/Info.plist;
				LD_RUNPATH_SEARCH_PATHS = (
					"$(inherited)",
					"@executable_path/Frameworks",
					"@loader_path/Frameworks",
				);
				PRODUCT_BUNDLE_IDENTIFIER = codepath.flixsterUITests;
				PRODUCT_NAME = "$(TARGET_NAME)";
				SWIFT_VERSION = 5.0;
				TARGETED_DEVICE_FAMILY = "1,2";
				TEST_TARGET_NAME = flixster;
			};
			name = Release;
		};
/* End XCBuildConfiguration section */

/* Begin XCConfigurationList section */
		C85AB0582697DEDC003C2897 /* Build configuration list for PBXProject "flixster" */ = {
			isa = XCConfigurationList;
			buildConfigurations = (
				C85AB0852697DEDF003C2897 /* Debug */,
				C85AB0862697DEE0003C2897 /* Release */,
			);
			defaultConfigurationIsVisible = 0;
			defaultConfigurationName = Release;
		};
		C85AB0872697DEE0003C2897 /* Build configuration list for PBXNativeTarget "flixster" */ = {
			isa = XCConfigurationList;
			buildConfigurations = (
				C85AB0882697DEE0003C2897 /* Debug */,
				C85AB0892697DEE0003C2897 /* Release */,
			);
			defaultConfigurationIsVisible = 0;
			defaultConfigurationName = Release;
		};
		C85AB08A2697DEE0003C2897 /* Build configuration list for PBXNativeTarget "flixsterTests" */ = {
			isa = XCConfigurationList;
			buildConfigurations = (
				C85AB08B2697DEE0003C2897 /* Debug */,
				C85AB08C2697DEE0003C2897 /* Release */,
			);
			defaultConfigurationIsVisible = 0;
			defaultConfigurationName = Release;
		};
		C85AB08D2697DEE0003C2897 /* Build configuration list for PBXNativeTarget "flixsterUITests" */ = {
			isa = XCConfigurationList;
			buildConfigurations = (
				C85AB08E2697DEE0003C2897 /* Debug */,
				C85AB08F2697DEE0003C2897 /* Release */,
			);
			defaultConfigurationIsVisible = 0;
			defaultConfigurationName = Release;
		};
/* End XCConfigurationList section */

/* Begin XCRemoteSwiftPackageReference section */
		C85AB09B2697EFA3003C2897 /* XCRemoteSwiftPackageReference "AlamofireImage" */ = {
			isa = XCRemoteSwiftPackageReference;
			repositoryURL = "https://github.com/Alamofire/AlamofireImage";
			requirement = {
				kind = upToNextMajorVersion;
				minimumVersion = 4.2.0;
			};
		};
/* End XCRemoteSwiftPackageReference section */

/* Begin XCSwiftPackageProductDependency section */
		C85AB09C2697EFA3003C2897 /* AlamofireImage */ = {
			isa = XCSwiftPackageProductDependency;
			package = C85AB09B2697EFA3003C2897 /* XCRemoteSwiftPackageReference "AlamofireImage" */;
			productName = AlamofireImage;
		};
/* End XCSwiftPackageProductDependency section */
	};
	rootObject = C85AB0552697DEDC003C2897 /* Project object */;
}
